
Microsoft Visual Studio Solution File, Format Version 12.00
# Visual Studio Version 17
VisualStudioVersion = 17.14.36301.6 d17.14
MinimumVisualStudioVersion = 10.0.40219.1
Project("{FAE04EC0-301F-11D3-BF4B-00C04F79EFBC}") = "PolizasSystemZurich", "PolizasSystemZurich\PolizasSystemZurich.csproj", "{82D806BC-E89E-45E3-8061-40A369485147}"
EndProject
Project("{FAE04EC0-301F-11D3-BF4B-00C04F79EFBC}") = "Application", "Application\Application.csproj", "{A15C956D-5253-44EB-84E1-4CE775187832}"
EndProject
Project("{FAE04EC0-301F-11D3-BF4B-00C04F79EFBC}") = "Domain", "Domain\Domain.csproj", "{2E187809-2157-4256-8A77-92025D341F6C}"
EndProject
Project("{FAE04EC0-301F-11D3-BF4B-00C04F79EFBC}") = "Infraestructure", "Infraestructure\Infraestructure.csproj", "{8402A0E5-872B-4B55-A219-100B0784E484}"
EndProject
Global
	GlobalSection(SolutionConfigurationPlatforms) = preSolution
		Debug|Any CPU = Debug|Any CPU
		Release|Any CPU = Release|Any CPU
	EndGlobalSection
	GlobalSection(ProjectConfigurationPlatforms) = postSolution
		{82D806BC-E89E-45E3-8061-40A369485147}.Debug|Any CPU.ActiveCfg = Debug|Any CPU
		{82D806BC-E89E-45E3-8061-40A369485147}.Debug|Any CPU.Build.0 = Debug|Any CPU
		{82D806BC-E89E-45E3-8061-40A369485147}.Release|Any CPU.ActiveCfg = Release|Any CPU
		{82D806BC-E89E-45E3-8061-40A369485147}.Release|Any CPU.Build.0 = Release|Any CPU
		{A15C956D-5253-44EB-84E1-4CE775187832}.Debug|Any CPU.ActiveCfg = Debug|Any CPU
		{A15C956D-5253-44EB-84E1-4CE775187832}.Debug|Any CPU.Build.0 = Debug|Any CPU
		{A15C956D-5253-44EB-84E1-4CE775187832}.Release|Any CPU.ActiveCfg = Release|Any CPU
		{A15C956D-5253-44EB-84E1-4CE775187832}.Release|Any CPU.Build.0 = Release|Any CPU
		{2E187809-2157-4256-8A77-92025D341F6C}.Debug|Any CPU.ActiveCfg = Debug|Any CPU
		{2E187809-2157-4256-8A77-92025D341F6C}.Debug|Any CPU.Build.0 = Debug|Any CPU
		{2E187809-2157-4256-8A77-92025D341F6C}.Release|Any CPU.ActiveCfg = Release|Any CPU
		{2E187809-2157-4256-8A77-92025D341F6C}.Release|Any CPU.Build.0 = Release|Any CPU
		{8402A0E5-872B-4B55-A219-100B0784E484}.Debug|Any CPU.ActiveCfg = Debug|Any CPU
		{8402A0E5-872B-4B55-A219-100B0784E484}.Debug|Any CPU.Build.0 = Debug|Any CPU
		{8402A0E5-872B-4B55-A219-100B0784E484}.Release|Any CPU.ActiveCfg = Release|Any CPU
		{8402A0E5-872B-4B55-A219-100B0784E484}.Release|Any CPU.Build.0 = Release|Any CPU
	EndGlobalSection
	GlobalSection(SolutionProperties) = preSolution
		HideSolutionNode = FALSE
	EndGlobalSection
	GlobalSection(ExtensibilityGlobals) = postSolution
		SolutionGuid = {8D06565F-1688-47FA-9B83-CE3EC6453EE0}
	EndGlobalSection
EndGlobal
